
Microsoft Visual Studio Solution File, Format Version 12.00
# Visual Studio 15
VisualStudioVersion = 15.0.26730.16
MinimumVisualStudioVersion = 10.0.40219.1
Project("{FAE04EC0-301F-11D3-BF4B-00C04F79EFBC}") = "ConsoleApp1", "ConsoleApp1\ConsoleApp1.csproj", "{3A23A1FD-0CD5-4C05-B51C-730C437F6CB1}"
EndProject
Global
	GlobalSection(SolutionConfigurationPlatforms) = preSolution
		Debug|Any CPU = Debug|Any CPU
		Release|Any CPU = Release|Any CPU
	EndGlobalSection
	GlobalSection(ProjectConfigurationPlatforms) = postSolution
		{3A23A1FD-0CD5-4C05-B51C-730C437F6CB1}.Debug|Any CPU.ActiveCfg = Debug|Any CPU
		{3A23A1FD-0CD5-4C05-B51C-730C437F6CB1}.Debug|Any CPU.Build.0 = Debug|Any CPU
		{3A23A1FD-0CD5-4C05-B51C-730C437F6CB1}.Release|Any CPU.ActiveCfg = Release|Any CPU
		{3A23A1FD-0CD5-4C05-B51C-730C437F6CB1}.Release|Any CPU.Build.0 = Release|Any CPU
	EndGlobalSection
	GlobalSection(SolutionProperties) = preSolution
		HideSolutionNode = FALSE
	EndGlobalSection
	GlobalSection(ExtensibilityGlobals) = postSolution
		SolutionGuid = {AD446511-45CE-441A-9E7E-6DDE74B7661D}
	EndGlobalSection
EndGlobal
